
Microsoft Visual Studio Solution File, Format Version 12.00
# Visual Studio Version 17
VisualStudioVersion = 17.3.32708.82
MinimumVisualStudioVersion = 10.0.40219.1
Project("{9A19103F-16F7-4668-BE54-9A1E7A4F7556}") = "SampleApp", "SampleApp\SampleApp.csproj", "{C14A20B8-9093-415A-9ACD-1540B316A247}"
EndProject
Project("{FAE04EC0-301F-11D3-BF4B-00C04F79EFBC}") = "SampleApp.Tests.Unit", "SampleApp.Tests.Unit\SampleApp.Tests.Unit.csproj", "{5FB5DAFA-75B0-47FF-A912-B196717CF00D}"
EndProject
Global
	GlobalSection(SolutionConfigurationPlatforms) = preSolution
		Debug|Any CPU = Debug|Any CPU
		Release|Any CPU = Release|Any CPU
	EndGlobalSection
	GlobalSection(ProjectConfigurationPlatforms) = postSolution
		{C14A20B8-9093-415A-9ACD-1540B316A247}.Debug|Any CPU.ActiveCfg = Debug|Any CPU
		{C14A20B8-9093-415A-9ACD-1540B316A247}.Debug|Any CPU.Build.0 = Debug|Any CPU
		{C14A20B8-9093-415A-9ACD-1540B316A247}.Release|Any CPU.ActiveCfg = Release|Any CPU
		{C14A20B8-9093-415A-9ACD-1540B316A247}.Release|Any CPU.Build.0 = Release|Any CPU
		{5FB5DAFA-75B0-47FF-A912-B196717CF00D}.Debug|Any CPU.ActiveCfg = Debug|Any CPU
		{5FB5DAFA-75B0-47FF-A912-B196717CF00D}.Debug|Any CPU.Build.0 = Debug|Any CPU
		{5FB5DAFA-75B0-47FF-A912-B196717CF00D}.Release|Any CPU.ActiveCfg = Release|Any CPU
		{5FB5DAFA-75B0-47FF-A912-B196717CF00D}.Release|Any CPU.Build.0 = Release|Any CPU
	EndGlobalSection
	GlobalSection(SolutionProperties) = preSolution
		HideSolutionNode = FALSE
	EndGlobalSection
	GlobalSection(ExtensibilityGlobals) = postSolution
		SolutionGuid = {B671CE6C-1A95-430D-B07A-95F645A50F3D}
	EndGlobalSection
EndGlobal
